
Microsoft Visual Studio Solution File, Format Version 12.00
# Visual Studio Version 17
VisualStudioVersion = 17.7.34031.279
MinimumVisualStudioVersion = 10.0.40219.1
Project("{FAE04EC0-301F-11D3-BF4B-00C04F79EFBC}") = "example1", "example1\example1.csproj", "{FC0EF95E-B011-400B-834C-10D27EF4AFDA}"
EndProject
Global
	GlobalSection(SolutionConfigurationPlatforms) = preSolution
		Debug|Any CPU = Debug|Any CPU
		Release|Any CPU = Release|Any CPU
	EndGlobalSection
	GlobalSection(ProjectConfigurationPlatforms) = postSolution
		{FC0EF95E-B011-400B-834C-10D27EF4AFDA}.Debug|Any CPU.ActiveCfg = Debug|Any CPU
		{FC0EF95E-B011-400B-834C-10D27EF4AFDA}.Debug|Any CPU.Build.0 = Debug|Any CPU
		{FC0EF95E-B011-400B-834C-10D27EF4AFDA}.Release|Any CPU.ActiveCfg = Release|Any CPU
		{FC0EF95E-B011-400B-834C-10D27EF4AFDA}.Release|Any CPU.Build.0 = Release|Any CPU
	EndGlobalSection
	GlobalSection(SolutionProperties) = preSolution
		HideSolutionNode = FALSE
	EndGlobalSection
	GlobalSection(ExtensibilityGlobals) = postSolution
		SolutionGuid = {5B5CD75E-D5AD-4680-B505-8AD68B45E915}
	EndGlobalSection
EndGlobal
