
Microsoft Visual Studio Solution File, Format Version 12.00
# Visual Studio Version 17
VisualStudioVersion = 17.7.34031.279
MinimumVisualStudioVersion = 10.0.40219.1
Project("{FAE04EC0-301F-11D3-BF4B-00C04F79EFBC}") = "Module2H", "Module2H\Module2H.csproj", "{455AD423-A9D8-4897-AD80-0DFDC4363CC1}"
EndProject
Global
	GlobalSection(SolutionConfigurationPlatforms) = preSolution
		Debug|Any CPU = Debug|Any CPU
		Release|Any CPU = Release|Any CPU
	EndGlobalSection
	GlobalSection(ProjectConfigurationPlatforms) = postSolution
		{455AD423-A9D8-4897-AD80-0DFDC4363CC1}.Debug|Any CPU.ActiveCfg = Debug|Any CPU
		{455AD423-A9D8-4897-AD80-0DFDC4363CC1}.Debug|Any CPU.Build.0 = Debug|Any CPU
		{455AD423-A9D8-4897-AD80-0DFDC4363CC1}.Release|Any CPU.ActiveCfg = Release|Any CPU
		{455AD423-A9D8-4897-AD80-0DFDC4363CC1}.Release|Any CPU.Build.0 = Release|Any CPU
	EndGlobalSection
	GlobalSection(SolutionProperties) = preSolution
		HideSolutionNode = FALSE
	EndGlobalSection
	GlobalSection(ExtensibilityGlobals) = postSolution
		SolutionGuid = {9E5CB7EF-87A2-402D-8BB2-1222D38BA5F1}
	EndGlobalSection
EndGlobal
